
Microsoft Visual Studio Solution File, Format Version 12.00
# Visual Studio 2013
VisualStudioVersion = 12.0.30110.0
MinimumVisualStudioVersion = 10.0.40219.1
Project("{2150E333-8FDC-42A3-9474-1A3956D46DE8}") = "01_UI", "01_UI", "{29376107-CF14-4CFE-8082-0304B9A85D8A}"
EndProject
Project("{2150E333-8FDC-42A3-9474-1A3956D46DE8}") = "00_Common", "00_Common", "{042EE903-F3BA-4E5D-B2F0-02BBF83D003E}"
EndProject
Project("{2150E333-8FDC-42A3-9474-1A3956D46DE8}") = "02_UIProxies", "02_UIProxies", "{BEFD0254-D62D-4167-B427-AC145BC4A24C}"
EndProject
Project("{2150E333-8FDC-42A3-9474-1A3956D46DE8}") = "03_Services", "03_Services", "{29AC20C9-2303-4520-81EA-0B81FE1426EF}"
EndProject
Project("{2150E333-8FDC-42A3-9474-1A3956D46DE8}") = "04_BusinesLogic", "04_BusinesLogic", "{F0862E1D-C92F-4AB2-B50C-397EAB11CCC5}"
EndProject
Project("{2150E333-8FDC-42A3-9474-1A3956D46DE8}") = "05_EntityManager", "05_EntityManager", "{13503B3F-D377-46ED-AD4E-1A95923CCA4D}"
EndProject
Project("{2150E333-8FDC-42A3-9474-1A3956D46DE8}") = "06_EntityFramework", "06_EntityFramework", "{25BCEE1D-53C6-4C58-861E-D1AB4B547BDD}"
EndProject
Project("{2150E333-8FDC-42A3-9474-1A3956D46DE8}") = "09_UnitTests", "09_UnitTests", "{1C8613EF-1176-4C9D-A954-0C6F5366C932}"
EndProject
Project("{2150E333-8FDC-42A3-9474-1A3956D46DE8}") = "Contracts", "Contracts", "{0EB73D6B-E708-462C-9F44-51412A3D3B25}"
EndProject
Project("{2150E333-8FDC-42A3-9474-1A3956D46DE8}") = "Host", "Host", "{BD3C2DE1-D3EF-4529-9B0E-A4A79D330573}"
EndProject
Project("{2150E333-8FDC-42A3-9474-1A3956D46DE8}") = "Implementation", "Implementation", "{3F5D3783-1A67-4C56-A724-2E2D6E476081}"
EndProject
Project("{2150E333-8FDC-42A3-9474-1A3956D46DE8}") = "MessageObjects", "MessageObjects", "{EE4522CC-94C9-4474-A305-FA371F21A3BD}"
EndProject
Project("{2150E333-8FDC-42A3-9474-1A3956D46DE8}") = "Proxy", "Proxy", "{B597CC7B-6DB4-444C-82FF-4C1B856E1DA3}"
EndProject
Project("{2150E333-8FDC-42A3-9474-1A3956D46DE8}") = "Mapper", "Mapper", "{538E379C-254F-471A-9C71-89C2EA9BDC93}"
EndProject
Project("{2150E333-8FDC-42A3-9474-1A3956D46DE8}") = "Queries", "Queries", "{C7C38B70-6BD8-464D-A12E-FAB0338844E8}"
EndProject
Project("{FAE04EC0-301F-11D3-BF4B-00C04F79EFBC}") = "Prototype.Common", "00_Common\Prototype.Common\Prototype.Common.csproj", "{7CBF4EF2-41F5-4AC1-ABB2-A0DAFC7F84DA}"
EndProject
Project("{FAE04EC0-301F-11D3-BF4B-00C04F79EFBC}") = "Prototype.LogicLayer", "04_BusinesLogic\Prototype.LogicLayer\Prototype.LogicLayer.csproj", "{7163AABC-7B8F-492C-9EFF-151EDB60AB70}"
EndProject
Project("{FAE04EC0-301F-11D3-BF4B-00C04F79EFBC}") = "Prototype.QueryLayer", "05_EntityManager\Queries\Prototype.QueryLayer\Prototype.QueryLayer.csproj", "{716DCDC3-2CCA-445D-9959-6B8FA1F7CECF}"
EndProject
Project("{FAE04EC0-301F-11D3-BF4B-00C04F79EFBC}") = "Prototype.ModelMapper", "05_EntityManager\Mapper\Prototype.ModelMapper\Prototype.ModelMapper.csproj", "{B31619C3-D7BE-458B-B95C-F8FBF67638DC}"
EndProject
Project("{FAE04EC0-301F-11D3-BF4B-00C04F79EFBC}") = "Prototype.UnitTests", "09_UnitTests\Prototype.UnitTests\Prototype.UnitTests.csproj", "{AD49B8B3-33AB-414C-B4E9-5A82D65A8AC1}"
EndProject
Project("{FAE04EC0-301F-11D3-BF4B-00C04F79EFBC}") = "Prototype.EF", "06_EntityFramework\Prototype.EF\Prototype.EF.csproj", "{C8E1D4C2-901C-4AF3-AA03-878F7DA480E2}"
EndProject
Project("{FAE04EC0-301F-11D3-BF4B-00C04F79EFBC}") = "Prototype.MessageObjectLibrary", "03_Services\MessageObjectLibrary\Prototype.MessageObjectLibrary\Prototype.MessageObjectLibrary.csproj", "{6E8018BE-C42A-4A47-82BD-682329ED2484}"
EndProject
Project("{FAE04EC0-301F-11D3-BF4B-00C04F79EFBC}") = "Prototype.ServiceContract", "03_Services\Contracts\Prototype.ServiceContract\Prototype.ServiceContract.csproj", "{54BC198B-DC6D-40B1-A792-D728FD52C1C9}"
EndProject
Project("{FAE04EC0-301F-11D3-BF4B-00C04F79EFBC}") = "Prototype.RestService", "03_Services\Implementation\Prototype.RestService\Prototype.RestService.csproj", "{FE319682-3723-4F04-B73E-51DA8ED3B15A}"
EndProject
Project("{FAE04EC0-301F-11D3-BF4B-00C04F79EFBC}") = "Prototype.WindowsService", "03_Services\Host\Prototype.WindowsService\Prototype.WindowsService.csproj", "{BA497B5F-8D78-4ABA-B27A-9ED68E832DC8}"
EndProject
Project("{2150E333-8FDC-42A3-9474-1A3956D46DE8}") = ".nuget", ".nuget", "{F776A965-BE71-44E0-ADF6-D944997F2995}"
	ProjectSection(SolutionItems) = preProject
		.nuget\NuGet.Config = .nuget\NuGet.Config
		.nuget\NuGet.exe = .nuget\NuGet.exe
		.nuget\NuGet.targets = .nuget\NuGet.targets
	EndProjectSection
EndProject
Project("{FAE04EC0-301F-11D3-BF4B-00C04F79EFBC}") = "Prototype.Web", "01_UI\Prototype.Web\Prototype.Web.csproj", "{24C12785-1881-4AC7-AE9A-5827B943EFD9}"
EndProject
Global
	GlobalSection(SolutionConfigurationPlatforms) = preSolution
		Debug|Any CPU = Debug|Any CPU
		Release|Any CPU = Release|Any CPU
	EndGlobalSection
	GlobalSection(ProjectConfigurationPlatforms) = postSolution
		{7CBF4EF2-41F5-4AC1-ABB2-A0DAFC7F84DA}.Debug|Any CPU.ActiveCfg = Debug|Any CPU
		{7CBF4EF2-41F5-4AC1-ABB2-A0DAFC7F84DA}.Debug|Any CPU.Build.0 = Debug|Any CPU
		{7CBF4EF2-41F5-4AC1-ABB2-A0DAFC7F84DA}.Release|Any CPU.ActiveCfg = Release|Any CPU
		{7CBF4EF2-41F5-4AC1-ABB2-A0DAFC7F84DA}.Release|Any CPU.Build.0 = Release|Any CPU
		{7163AABC-7B8F-492C-9EFF-151EDB60AB70}.Debug|Any CPU.ActiveCfg = Debug|Any CPU
		{7163AABC-7B8F-492C-9EFF-151EDB60AB70}.Debug|Any CPU.Build.0 = Debug|Any CPU
		{7163AABC-7B8F-492C-9EFF-151EDB60AB70}.Release|Any CPU.ActiveCfg = Release|Any CPU
		{7163AABC-7B8F-492C-9EFF-151EDB60AB70}.Release|Any CPU.Build.0 = Release|Any CPU
		{716DCDC3-2CCA-445D-9959-6B8FA1F7CECF}.Debug|Any CPU.ActiveCfg = Debug|Any CPU
		{716DCDC3-2CCA-445D-9959-6B8FA1F7CECF}.Debug|Any CPU.Build.0 = Debug|Any CPU
		{716DCDC3-2CCA-445D-9959-6B8FA1F7CECF}.Release|Any CPU.ActiveCfg = Release|Any CPU
		{716DCDC3-2CCA-445D-9959-6B8FA1F7CECF}.Release|Any CPU.Build.0 = Release|Any CPU
		{B31619C3-D7BE-458B-B95C-F8FBF67638DC}.Debug|Any CPU.ActiveCfg = Debug|Any CPU
		{B31619C3-D7BE-458B-B95C-F8FBF67638DC}.Debug|Any CPU.Build.0 = Debug|Any CPU
		{B31619C3-D7BE-458B-B95C-F8FBF67638DC}.Release|Any CPU.ActiveCfg = Release|Any CPU
		{B31619C3-D7BE-458B-B95C-F8FBF67638DC}.Release|Any CPU.Build.0 = Release|Any CPU
		{AD49B8B3-33AB-414C-B4E9-5A82D65A8AC1}.Debug|Any CPU.ActiveCfg = Debug|Any CPU
		{AD49B8B3-33AB-414C-B4E9-5A82D65A8AC1}.Debug|Any CPU.Build.0 = Debug|Any CPU
		{AD49B8B3-33AB-414C-B4E9-5A82D65A8AC1}.Release|Any CPU.ActiveCfg = Release|Any CPU
		{AD49B8B3-33AB-414C-B4E9-5A82D65A8AC1}.Release|Any CPU.Build.0 = Release|Any CPU
		{C8E1D4C2-901C-4AF3-AA03-878F7DA480E2}.Debug|Any CPU.ActiveCfg = Debug|Any CPU
		{C8E1D4C2-901C-4AF3-AA03-878F7DA480E2}.Debug|Any CPU.Build.0 = Debug|Any CPU
		{C8E1D4C2-901C-4AF3-AA03-878F7DA480E2}.Release|Any CPU.ActiveCfg = Release|Any CPU
		{C8E1D4C2-901C-4AF3-AA03-878F7DA480E2}.Release|Any CPU.Build.0 = Release|Any CPU
		{6E8018BE-C42A-4A47-82BD-682329ED2484}.Debug|Any CPU.ActiveCfg = Debug|Any CPU
		{6E8018BE-C42A-4A47-82BD-682329ED2484}.Debug|Any CPU.Build.0 = Debug|Any CPU
		{6E8018BE-C42A-4A47-82BD-682329ED2484}.Release|Any CPU.ActiveCfg = Release|Any CPU
		{6E8018BE-C42A-4A47-82BD-682329ED2484}.Release|Any CPU.Build.0 = Release|Any CPU
		{54BC198B-DC6D-40B1-A792-D728FD52C1C9}.Debug|Any CPU.ActiveCfg = Debug|Any CPU
		{54BC198B-DC6D-40B1-A792-D728FD52C1C9}.Debug|Any CPU.Build.0 = Debug|Any CPU
		{54BC198B-DC6D-40B1-A792-D728FD52C1C9}.Release|Any CPU.ActiveCfg = Release|Any CPU
		{54BC198B-DC6D-40B1-A792-D728FD52C1C9}.Release|Any CPU.Build.0 = Release|Any CPU
		{FE319682-3723-4F04-B73E-51DA8ED3B15A}.Debug|Any CPU.ActiveCfg = Debug|Any CPU
		{FE319682-3723-4F04-B73E-51DA8ED3B15A}.Debug|Any CPU.Build.0 = Debug|Any CPU
		{FE319682-3723-4F04-B73E-51DA8ED3B15A}.Release|Any CPU.ActiveCfg = Release|Any CPU
		{FE319682-3723-4F04-B73E-51DA8ED3B15A}.Release|Any CPU.Build.0 = Release|Any CPU
		{BA497B5F-8D78-4ABA-B27A-9ED68E832DC8}.Debug|Any CPU.ActiveCfg = Debug|Any CPU
		{BA497B5F-8D78-4ABA-B27A-9ED68E832DC8}.Debug|Any CPU.Build.0 = Debug|Any CPU
		{BA497B5F-8D78-4ABA-B27A-9ED68E832DC8}.Release|Any CPU.ActiveCfg = Release|Any CPU
		{BA497B5F-8D78-4ABA-B27A-9ED68E832DC8}.Release|Any CPU.Build.0 = Release|Any CPU
		{24C12785-1881-4AC7-AE9A-5827B943EFD9}.Debug|Any CPU.ActiveCfg = Debug|Any CPU
		{24C12785-1881-4AC7-AE9A-5827B943EFD9}.Debug|Any CPU.Build.0 = Debug|Any CPU
		{24C12785-1881-4AC7-AE9A-5827B943EFD9}.Release|Any CPU.ActiveCfg = Release|Any CPU
		{24C12785-1881-4AC7-AE9A-5827B943EFD9}.Release|Any CPU.Build.0 = Release|Any CPU
	EndGlobalSection
	GlobalSection(SolutionProperties) = preSolution
		HideSolutionNode = FALSE
	EndGlobalSection
	GlobalSection(NestedProjects) = preSolution
		{24C12785-1881-4AC7-AE9A-5827B943EFD9} = {29376107-CF14-4CFE-8082-0304B9A85D8A}
		{7CBF4EF2-41F5-4AC1-ABB2-A0DAFC7F84DA} = {042EE903-F3BA-4E5D-B2F0-02BBF83D003E}
		{0EB73D6B-E708-462C-9F44-51412A3D3B25} = {29AC20C9-2303-4520-81EA-0B81FE1426EF}
		{BD3C2DE1-D3EF-4529-9B0E-A4A79D330573} = {29AC20C9-2303-4520-81EA-0B81FE1426EF}
		{3F5D3783-1A67-4C56-A724-2E2D6E476081} = {29AC20C9-2303-4520-81EA-0B81FE1426EF}
		{EE4522CC-94C9-4474-A305-FA371F21A3BD} = {29AC20C9-2303-4520-81EA-0B81FE1426EF}
		{B597CC7B-6DB4-444C-82FF-4C1B856E1DA3} = {29AC20C9-2303-4520-81EA-0B81FE1426EF}
		{7163AABC-7B8F-492C-9EFF-151EDB60AB70} = {F0862E1D-C92F-4AB2-B50C-397EAB11CCC5}
		{538E379C-254F-471A-9C71-89C2EA9BDC93} = {13503B3F-D377-46ED-AD4E-1A95923CCA4D}
		{C7C38B70-6BD8-464D-A12E-FAB0338844E8} = {13503B3F-D377-46ED-AD4E-1A95923CCA4D}
		{C8E1D4C2-901C-4AF3-AA03-878F7DA480E2} = {25BCEE1D-53C6-4C58-861E-D1AB4B547BDD}
		{AD49B8B3-33AB-414C-B4E9-5A82D65A8AC1} = {1C8613EF-1176-4C9D-A954-0C6F5366C932}
		{54BC198B-DC6D-40B1-A792-D728FD52C1C9} = {0EB73D6B-E708-462C-9F44-51412A3D3B25}
		{BA497B5F-8D78-4ABA-B27A-9ED68E832DC8} = {BD3C2DE1-D3EF-4529-9B0E-A4A79D330573}
		{FE319682-3723-4F04-B73E-51DA8ED3B15A} = {3F5D3783-1A67-4C56-A724-2E2D6E476081}
		{6E8018BE-C42A-4A47-82BD-682329ED2484} = {EE4522CC-94C9-4474-A305-FA371F21A3BD}
		{B31619C3-D7BE-458B-B95C-F8FBF67638DC} = {538E379C-254F-471A-9C71-89C2EA9BDC93}
		{716DCDC3-2CCA-445D-9959-6B8FA1F7CECF} = {C7C38B70-6BD8-464D-A12E-FAB0338844E8}
	EndGlobalSection
EndGlobal
